// !$*UTF8*$!
{
	archiveVersion = 1;
	classes = {
	};
	objectVersion = 46;
	objects = {

/* Begin PBXBuildFile section */
		8A4119C91E79E9C6004A704C /* main.m in Sources */ = {isa = PBXBuildFile; fileRef = 8A4119C81E79E9C6004A704C /* main.m */; };
		8A4119D21E79EA1F004A704C /* Pokemon.m in Sources */ = {isa = PBXBuildFile; fileRef = 8A4119D11E79EA1F004A704C /* Pokemon.m */; };
		8A4119D51E7C4DA8004A704C /* Jogador.m in Sources */ = {isa = PBXBuildFile; fileRef = 8A4119D41E7C4DA8004A704C /* Jogador.m */; };
		8A411A071E7C825C004A704C /* Ginasio.m in Sources */ = {isa = PBXBuildFile; fileRef = 8A411A061E7C825C004A704C /* Ginasio.m */; };
		8A411A0A1E7C8568004A704C /* Batalha.m in Sources */ = {isa = PBXBuildFile; fileRef = 8A411A091E7C8568004A704C /* Batalha.m */; };
/* End PBXBuildFile section */

/* Begin PBXCopyFilesBuildPhase section */
		8A4119C31E79E9C6004A704C /* CopyFiles */ = {
			isa = PBXCopyFilesBuildPhase;
			buildActionMask = 2147483647;
			dstPath = /usr/share/man/man1/;
			dstSubfolderSpec = 0;
			files = (
			);
			runOnlyForDeploymentPostprocessing = 1;
		};
/* End PBXCopyFilesBuildPhase section */

/* Begin PBXFileReference section */
		8A4119C51E79E9C6004A704C /* pokeTreta */ = {isa = PBXFileReference; explicitFileType = "compiled.mach-o.executable"; includeInIndex = 0; path = pokeTreta; sourceTree = BUILT_PRODUCTS_DIR; };
		8A4119C81E79E9C6004A704C /* main.m */ = {isa = PBXFileReference; lastKnownFileType = sourcecode.c.objc; path = main.m; sourceTree = "<group>"; };
		8A4119D01E79EA1F004A704C /* Pokemon.h */ = {isa = PBXFileReference; fileEncoding = 4; lastKnownFileType = sourcecode.c.h; path = Pokemon.h; sourceTree = "<group>"; };
		8A4119D11E79EA1F004A704C /* Pokemon.m */ = {isa = PBXFileReference; fileEncoding = 4; lastKnownFileType = sourcecode.c.objc; path = Pokemon.m; sourceTree = "<group>"; };
		8A4119D31E7C4DA8004A704C /* Jogador.h */ = {isa = PBXFileReference; fileEncoding = 4; lastKnownFileType = sourcecode.c.h; path = Jogador.h; sourceTree = "<group>"; };
		8A4119D41E7C4DA8004A704C /* Jogador.m */ = {isa = PBXFileReference; fileEncoding = 4; lastKnownFileType = sourcecode.c.objc; path = Jogador.m; sourceTree = "<group>"; };
		8A411A051E7C825C004A704C /* Ginasio.h */ = {isa = PBXFileReference; fileEncoding = 4; lastKnownFileType = sourcecode.c.h; path = Ginasio.h; sourceTree = "<group>"; };
		8A411A061E7C825C004A704C /* Ginasio.m */ = {isa = PBXFileReference; fileEncoding = 4; lastKnownFileType = sourcecode.c.objc; path = Ginasio.m; sourceTree = "<group>"; };
		8A411A081E7C8568004A704C /* Batalha.h */ = {isa = PBXFileReference; fileEncoding = 4; lastKnownFileType = sourcecode.c.h; path = Batalha.h; sourceTree = "<group>"; };
		8A411A091E7C8568004A704C /* Batalha.m */ = {isa = PBXFileReference; fileEncoding = 4; lastKnownFileType = sourcecode.c.objc; path = Batalha.m; sourceTree = "<group>"; };
/* End PBXFileReference section */

/* Begin PBXFrameworksBuildPhase section */
		8A4119C21E79E9C6004A704C /* Frameworks */ = {
			isa = PBXFrameworksBuildPhase;
			buildActionMask = 2147483647;
			files = (
			);
			runOnlyForDeploymentPostprocessing = 0;
		};
/* End PBXFrameworksBuildPhase section */

/* Begin PBXGroup section */
		8A4119BC1E79E9C6004A704C = {
			isa = PBXGroup;
			children = (
				8A4119C71E79E9C6004A704C /* pokeTreta */,
				8A4119C61E79E9C6004A704C /* Products */,
			);
			sourceTree = "<group>";
		};
		8A4119C61E79E9C6004A704C /* Products */ = {
			isa = PBXGroup;
			children = (
				8A4119C51E79E9C6004A704C /* pokeTreta */,
			);
			name = Products;
			sourceTree = "<group>";
		};
		8A4119C71E79E9C6004A704C /* pokeTreta */ = {
			isa = PBXGroup;
			children = (
				8A4119CF1E79E9DB004A704C /* entidades */,
				8A4119C81E79E9C6004A704C /* main.m */,
			);
			path = pokeTreta;
			sourceTree = "<group>";
		};
		8A4119CF1E79E9DB004A704C /* entidades */ = {
			isa = PBXGroup;
			children = (
				8A4119D01E79EA1F004A704C /* Pokemon.h */,
				8A4119D11E79EA1F004A704C /* Pokemon.m */,
				8A4119D31E7C4DA8004A704C /* Jogador.h */,
				8A4119D41E7C4DA8004A704C /* Jogador.m */,
				8A411A051E7C825C004A704C /* Ginasio.h */,
				8A411A061E7C825C004A704C /* Ginasio.m */,
				8A411A081E7C8568004A704C /* Batalha.h */,
				8A411A091E7C8568004A704C /* Batalha.m */,
			);
			name = entidades;
			sourceTree = "<group>";
		};
/* End PBXGroup section */

/* Begin PBXNativeTarget section */
		8A4119C41E79E9C6004A704C /* pokeTreta */ = {
			isa = PBXNativeTarget;
			buildConfigurationList = 8A4119CC1E79E9C6004A704C /* Build configuration list for PBXNativeTarget "pokeTreta" */;
			buildPhases = (
				8A4119C11E79E9C6004A704C /* Sources */,
				8A4119C21E79E9C6004A704C /* Frameworks */,
				8A4119C31E79E9C6004A704C /* CopyFiles */,
			);
			buildRules = (
			);
			dependencies = (
			);
			name = pokeTreta;
			productName = pokeTreta;
			productReference = 8A4119C51E79E9C6004A704C /* pokeTreta */;
			productType = "com.apple.product-type.tool";
		};
/* End PBXNativeTarget section */

/* Begin PBXProject section */
		8A4119BD1E79E9C6004A704C /* Project object */ = {
			isa = PBXProject;
			attributes = {
				LastUpgradeCheck = 0820;
				ORGANIZATIONNAME = BEPID;
				TargetAttributes = {
					8A4119C41E79E9C6004A704C = {
						CreatedOnToolsVersion = 8.2.1;
						DevelopmentTeam = JC4QT73C9E;
						ProvisioningStyle = Automatic;
					};
				};
			};
			buildConfigurationList = 8A4119C01E79E9C6004A704C /* Build configuration list for PBXProject "pokeTreta" */;
			compatibilityVersion = "Xcode 3.2";
			developmentRegion = English;
			hasScannedForEncodings = 0;
			knownRegions = (
				en,
			);
			mainGroup = 8A4119BC1E79E9C6004A704C;
			productRefGroup = 8A4119C61E79E9C6004A704C /* Products */;
			projectDirPath = "";
			projectRoot = "";
			targets = (
				8A4119C41E79E9C6004A704C /* pokeTreta */,
			);
		};
/* End PBXProject section */

/* Begin PBXSourcesBuildPhase section */
		8A4119C11E79E9C6004A704C /* Sources */ = {
			isa = PBXSourcesBuildPhase;
			buildActionMask = 2147483647;
			files = (
				8A4119C91E79E9C6004A704C /* main.m in Sources */,
				8A411A0A1E7C8568004A704C /* Batalha.m in Sources */,
				8A4119D51E7C4DA8004A704C /* Jogador.m in Sources */,
				8A411A071E7C825C004A704C /* Ginasio.m in Sources */,
				8A4119D21E79EA1F004A704C /* Pokemon.m in Sources */,
			);
			runOnlyForDeploymentPostprocessing = 0;
		};
/* End PBXSourcesBuildPhase section */

/* Begin XCBuildConfiguration section */
		8A4119CA1E79E9C6004A704C /* Debug */ = {
			isa = XCBuildConfiguration;
			buildSettings = {
				ALWAYS_SEARCH_USER_PATHS = NO;
				CLANG_ANALYZER_NONNULL = YES;
				CLANG_CXX_LANGUAGE_STANDARD = "gnu++0x";
				CLANG_CXX_LIBRARY = "libc++";
				CLANG_ENABLE_MODULES = YES;
				CLANG_ENABLE_OBJC_ARC = YES;
				CLANG_WARN_BOOL_CONVERSION = YES;
				CLANG_WARN_CONSTANT_CONVERSION = YES;
				CLANG_WARN_DIRECT_OBJC_ISA_USAGE = YES_ERROR;
				CLANG_WARN_DOCUMENTATION_COMMENTS = YES;
				CLANG_WARN_EMPTY_BODY = YES;
				CLANG_WARN_ENUM_CONVERSION = YES;
				CLANG_WARN_INFINITE_RECURSION = YES;
				CLANG_WARN_INT_CONVERSION = YES;
				CLANG_WARN_OBJC_ROOT_CLASS = YES_ERROR;
				CLANG_WARN_SUSPICIOUS_MOVE = YES;
				CLANG_WARN_UNREACHABLE_CODE = YES;
				CLANG_WARN__DUPLICATE_METHOD_MATCH = YES;
				CODE_SIGN_IDENTITY = "-";
				COPY_PHASE_STRIP = NO;
				DEBUG_INFORMATION_FORMAT = dwarf;
				ENABLE_STRICT_OBJC_MSGSEND = YES;
				ENABLE_TESTABILITY = YES;
				GCC_C_LANGUAGE_STANDARD = gnu99;
				GCC_DYNAMIC_NO_PIC = NO;
				GCC_NO_COMMON_BLOCKS = YES;
				GCC_OPTIMIZATION_LEVEL = 0;
				GCC_PREPROCESSOR_DEFINITIONS = (
					"DEBUG=1",
					"$(inherited)",
				);
				GCC_WARN_64_TO_32_BIT_CONVERSION = YES;
				GCC_WARN_ABOUT_RETURN_TYPE = YES_ERROR;
				GCC_WARN_UNDECLARED_SELECTOR = YES;
				GCC_WARN_UNINITIALIZED_AUTOS = YES_AGGRESSIVE;
				GCC_WARN_UNUSED_FUNCTION = YES;
				GCC_WARN_UNUSED_VARIABLE = YES;
				MACOSX_DEPLOYMENT_TARGET = 10.12;
				MTL_ENABLE_DEBUG_INFO = YES;
				ONLY_ACTIVE_ARCH = YES;
				SDKROOT = macosx;
			};
			name = Debug;
		};
		8A4119CB1E79E9C6004A704C /* Release */ = {
			isa = XCBuildConfiguration;
			buildSettings = {
				ALWAYS_SEARCH_USER_PATHS = NO;
				CLANG_ANALYZER_NONNULL = YES;
				CLANG_CXX_LANGUAGE_STANDARD = "gnu++0x";
				CLANG_CXX_LIBRARY = "libc++";
				CLANG_ENABLE_MODULES = YES;
				CLANG_ENABLE_OBJC_ARC = YES;
				CLANG_WARN_BOOL_CONVERSION = YES;
				CLANG_WARN_CONSTANT_CONVERSION = YES;
				CLANG_WARN_DIRECT_OBJC_ISA_USAGE = YES_ERROR;
				CLANG_WARN_DOCUMENTATION_COMMENTS = YES;
				CLANG_WARN_EMPTY_BODY = YES;
				CLANG_WARN_ENUM_CONVERSION = YES;
				CLANG_WARN_INFINITE_RECURSION = YES;
				CLANG_WARN_INT_CONVERSION = YES;
				CLANG_WARN_OBJC_ROOT_CLASS = YES_ERROR;
				CLANG_WARN_SUSPICIOUS_MOVE = YES;
				CLANG_WARN_UNREACHABLE_CODE = YES;
				CLANG_WARN__DUPLICATE_METHOD_MATCH = YES;
				CODE_SIGN_IDENTITY = "-";
				COPY_PHASE_STRIP = NO;
				DEBUG_INFORMATION_FORMAT = "dwarf-with-dsym";
				ENABLE_NS_ASSERTIONS = NO;
				ENABLE_STRICT_OBJC_MSGSEND = YES;
				GCC_C_LANGUAGE_STANDARD = gnu99;
				GCC_NO_COMMON_BLOCKS = YES;
				GCC_WARN_64_TO_32_BIT_CONVERSION = YES;
				GCC_WARN_ABOUT_RETURN_TYPE = YES_ERROR;
				GCC_WARN_UNDECLARED_SELECTOR = YES;
				GCC_WARN_UNINITIALIZED_AUTOS = YES_AGGRESSIVE;
				GCC_WARN_UNUSED_FUNCTION = YES;
				GCC_WARN_UNUSED_VARIABLE = YES;
				MACOSX_DEPLOYMENT_TARGET = 10.12;
				MTL_ENABLE_DEBUG_INFO = NO;
				SDKROOT = macosx;
			};
			name = Release;
		};
		8A4119CD1E79E9C6004A704C /* Debug */ = {
			isa = XCBuildConfiguration;
			buildSettings = {
				DEVELOPMENT_TEAM = JC4QT73C9E;
				PRODUCT_NAME = "$(TARGET_NAME)";
			};
			name = Debug;
		};
		8A4119CE1E79E9C6004A704C /* Release */ = {
			isa = XCBuildConfiguration;
			buildSettings = {
				DEVELOPMENT_TEAM = JC4QT73C9E;
				PRODUCT_NAME = "$(TARGET_NAME)";
			};
			name = Release;
		};
/* End XCBuildConfiguration section */

/* Begin XCConfigurationList section */
		8A4119C01E79E9C6004A704C /* Build configuration list for PBXProject "pokeTreta" */ = {
			isa = XCConfigurationList;
			buildConfigurations = (
				8A4119CA1E79E9C6004A704C /* Debug */,
				8A4119CB1E79E9C6004A704C /* Release */,
			);
			defaultConfigurationIsVisible = 0;
			defaultConfigurationName = Release;
		};
		8A4119CC1E79E9C6004A704C /* Build configuration list for PBXNativeTarget "pokeTreta" */ = {
			isa = XCConfigurationList;
			buildConfigurations = (
				8A4119CD1E79E9C6004A704C /* Debug */,
				8A4119CE1E79E9C6004A704C /* Release */,
			);
			defaultConfigurationIsVisible = 0;
			defaultConfigurationName = Release;
		};
/* End XCConfigurationList section */
	};
	rootObject = 8A4119BD1E79E9C6004A704C /* Project object */;
}
